
Microsoft Visual Studio Solution File, Format Version 12.00
# Visual Studio Version 17
VisualStudioVersion = 17.10.35013.160
MinimumVisualStudioVersion = 10.0.40219.1
Project("{FAE04EC0-301F-11D3-BF4B-00C04F79EFBC}") = "AspNetCoreAPI-Jwt-Bearer", "AspNetCoreAPI-Jwt-Bearer\AspNetCoreAPI-Jwt-Bearer.csproj", "{EAB90859-4F30-44E7-A4E5-91F994C713F6}"
EndProject
Global
	GlobalSection(SolutionConfigurationPlatforms) = preSolution
		Debug|Any CPU = Debug|Any CPU
		Release|Any CPU = Release|Any CPU
	EndGlobalSection
	GlobalSection(ProjectConfigurationPlatforms) = postSolution
		{EAB90859-4F30-44E7-A4E5-91F994C713F6}.Debug|Any CPU.ActiveCfg = Debug|Any CPU
		{EAB90859-4F30-44E7-A4E5-91F994C713F6}.Debug|Any CPU.Build.0 = Debug|Any CPU
		{EAB90859-4F30-44E7-A4E5-91F994C713F6}.Release|Any CPU.ActiveCfg = Release|Any CPU
		{EAB90859-4F30-44E7-A4E5-91F994C713F6}.Release|Any CPU.Build.0 = Release|Any CPU
	EndGlobalSection
	GlobalSection(SolutionProperties) = preSolution
		HideSolutionNode = FALSE
	EndGlobalSection
	GlobalSection(ExtensibilityGlobals) = postSolution
		SolutionGuid = {4F76C0DD-C2C4-4E82-B8B2-2CD434781DFC}
	EndGlobalSection
EndGlobal
